---
lockfileVersion: 1
lockfileVendor: redhat
arches:
- arch: aarch64
  packages:
  - url: https://cdn-ubi.redhat.com/content/public/ubi/dist/ubi8/8/aarch64/appstream/os/Packages/j/jq-1.6-9.el8_10.aarch64.rpm
    repoid: ubi-8-for-aarch64-appstream-rpms
    size: 193804
    checksum: sha256:0c474feed0023434aa44e751bf98da006fdbc01df6e58cadc4eada90aeba6efc
    name: jq
    evr: 1.6-9.el8_10
    sourcerpm: jq-1.6-9.el8_10.src.rpm
  - url: https://cdn-ubi.redhat.com/content/public/ubi/dist/ubi8/8/aarch64/appstream/os/Packages/o/oniguruma-6.8.2-3.el8.aarch64.rpm
    repoid: ubi-8-for-aarch64-appstream-rpms
    size: 185652
    checksum: sha256:ef5cbd14f7e46e55b6a8f51b5060b15170110a5c4cfa3042f22e4835a1634aa6
    name: oniguruma
    evr: 6.8.2-3.el8
    sourcerpm: oniguruma-6.8.2-3.el8.src.rpm
  - url: https://cdn-ubi.redhat.com/content/public/ubi/dist/ubi8/8/aarch64/baseos/os/Packages/f/file-5.33-26.el8.aarch64.rpm
    repoid: ubi-8-for-aarch64-baseos-rpms
    size: 79544
    checksum: sha256:189652eff29020c9af762dff7a0217ebcc0008607d83efc81335c49259512fa4
    name: file
    evr: 5.33-26.el8
    sourcerpm: file-5.33-26.el8.src.rpm
  - url: https://cdn-ubi.redhat.com/content/public/ubi/dist/ubi8/8/aarch64/baseos/os/Packages/l/libsemanage-2.9-11.el8_10.aarch64.rpm
    repoid: ubi-8-for-aarch64-baseos-rpms
    size: 168328
    checksum: sha256:7cd9414c454841ef794c8d2651d0f16246d468e52dc034b7a2c84572461732f7
    name: libsemanage
    evr: 2.9-11.el8_10
    sourcerpm: libsemanage-2.9-11.el8_10.src.rpm
  - url: https://cdn-ubi.redhat.com/content/public/ubi/dist/ubi8/8/aarch64/baseos/os/Packages/s/shadow-utils-4.6-22.el8.aarch64.rpm
    repoid: ubi-8-for-aarch64-baseos-rpms
    size: 1272288
    checksum: sha256:3ccea243f8c0f86e2a0b2c93933bfd475a62134f0a556ee2e1212dcf8d7e5240
    name: shadow-utils
    evr: 2:4.6-22.el8
    sourcerpm: shadow-utils-4.6-22.el8.src.rpm
  - url: https://cdn-ubi.redhat.com/content/public/ubi/dist/ubi8/8/aarch64/baseos/os/Packages/t/tar-1.30-9.el8.aarch64.rpm
    repoid: ubi-8-for-aarch64-baseos-rpms
    size: 849892
    checksum: sha256:3ba95ecab30f49ecf168ee37e6bc332b626bde62ef7bf61801613f93e2126d8e
    name: tar
    evr: 2:1.30-9.el8
    sourcerpm: tar-1.30-9.el8.src.rpm
  source:
  - url: https://cdn-ubi.redhat.com/content/public/ubi/dist/ubi8/8/x86_64/appstream/source/SRPMS/Packages/j/jq-1.6-9.el8_10.src.rpm
    repoid: ubi-8-for-x86_64-appstream-source-rpms
    size: 1502487
    checksum: sha256:2dc420bdaef06107f892878c520cff069c55e4553bc3d8f0d2136ff0ed2c5d99
    name: jq
    evr: 1.6-9.el8_10
  - url: https://cdn-ubi.redhat.com/content/public/ubi/dist/ubi8/8/x86_64/appstream/source/SRPMS/Packages/o/oniguruma-6.8.2-3.el8.src.rpm
    repoid: ubi-8-for-x86_64-appstream-source-rpms
    size: 982385
    checksum: sha256:31cd372131f6eb404ce90285210fd74021914b4eb52e933b2aeebfa955099faa
    name: oniguruma
    evr: 6.8.2-3.el8
  - url: https://cdn-ubi.redhat.com/content/public/ubi/dist/ubi8/8/x86_64/baseos/source/SRPMS/Packages/f/file-5.33-26.el8.src.rpm
    repoid: ubi-8-for-x86_64-baseos-source-rpms
    size: 899551
    checksum: sha256:1bdcfa5032e3ef5ff5f9f72233b6c9c67c0c7ff994a04df131d3b64b213b99cb
    name: file
    evr: 5.33-26.el8
  - url: https://cdn-ubi.redhat.com/content/public/ubi/dist/ubi8/8/x86_64/baseos/source/SRPMS/Packages/l/libsemanage-2.9-11.el8_10.src.rpm
    repoid: ubi-8-for-x86_64-baseos-source-rpms
    size: 267435
    checksum: sha256:0e9bc0dd2ddcf5e8e8f734b32c7a3c93165060ef5b2f5910713984cea71e349f
    name: libsemanage
    evr: 2.9-11.el8_10
  - url: https://cdn-ubi.redhat.com/content/public/ubi/dist/ubi8/8/x86_64/baseos/source/SRPMS/Packages/s/shadow-utils-4.6-22.el8.src.rpm
    repoid: ubi-8-for-x86_64-baseos-source-rpms
    size: 1845120
    checksum: sha256:140a4273738ea9cfd1fc5627ebd66ad1696a5e3c959092b41bf5dc6d7657d8a6
    name: shadow-utils
    evr: 2:4.6-22.el8
  - url: https://cdn-ubi.redhat.com/content/public/ubi/dist/ubi8/8/x86_64/baseos/source/SRPMS/Packages/t/tar-1.30-9.el8.src.rpm
    repoid: ubi-8-for-x86_64-baseos-source-rpms
    size: 2169236
    checksum: sha256:53ae8ab2f98cb36c9d7e3830a7a8d6a9897707bf3d0f0c6805282f88ca6e23f7
    name: tar
    evr: 2:1.30-9.el8
  module_metadata: []
- arch: ppc64le
  packages:
  - url: https://cdn-ubi.redhat.com/content/public/ubi/dist/ubi8/8/ppc64le/appstream/os/Packages/j/jq-1.6-9.el8_10.ppc64le.rpm
    repoid: ubi-8-for-ppc64le-appstream-rpms
    size: 221404
    checksum: sha256:606776449fbb2b9f371c588450db2c197d2548e10f46b3aab06d9887aea317d1
    name: jq
    evr: 1.6-9.el8_10
    sourcerpm: jq-1.6-9.el8_10.src.rpm
  - url: https://cdn-ubi.redhat.com/content/public/ubi/dist/ubi8/8/ppc64le/appstream/os/Packages/o/oniguruma-6.8.2-3.el8.ppc64le.rpm
    repoid: ubi-8-for-ppc64le-appstream-rpms
    size: 204564
    checksum: sha256:7a2b3ea4ea7a0a17ce3ece31a11fc6a21556ccba4250cd757486e07e5bf3ff3b
    name: oniguruma
    evr: 6.8.2-3.el8
    sourcerpm: oniguruma-6.8.2-3.el8.src.rpm
  - url: https://cdn-ubi.redhat.com/content/public/ubi/dist/ubi8/8/ppc64le/baseos/os/Packages/f/file-5.33-26.el8.ppc64le.rpm
    repoid: ubi-8-for-ppc64le-baseos-rpms
    size: 80044
    checksum: sha256:70f8b9303f3c64aef8dba92b81a801fdfcba2e1e19a4ade593289a2fe22196b8
    name: file
    evr: 5.33-26.el8
    sourcerpm: file-5.33-26.el8.src.rpm
  - url: https://cdn-ubi.redhat.com/content/public/ubi/dist/ubi8/8/ppc64le/baseos/os/Packages/l/libsemanage-2.9-11.el8_10.ppc64le.rpm
    repoid: ubi-8-for-ppc64le-baseos-rpms
    size: 183840
    checksum: sha256:7d846562212b735859d256188bf880760f37a628c00cdc89174470426688686f
    name: libsemanage
    evr: 2.9-11.el8_10
    sourcerpm: libsemanage-2.9-11.el8_10.src.rpm
  - url: https://cdn-ubi.redhat.com/content/public/ubi/dist/ubi8/8/ppc64le/baseos/os/Packages/s/shadow-utils-4.6-22.el8.ppc64le.rpm
    repoid: ubi-8-for-ppc64le-baseos-rpms
    size: 1310120
    checksum: sha256:20e487410c60bf49e6f80649f374387738e8a5d11ebf6b3e418298e0887237f0
    name: shadow-utils
    evr: 2:4.6-22.el8
    sourcerpm: shadow-utils-4.6-22.el8.src.rpm
  - url: https://cdn-ubi.redhat.com/content/public/ubi/dist/ubi8/8/ppc64le/baseos/os/Packages/t/tar-1.30-9.el8.ppc64le.rpm
    repoid: ubi-8-for-ppc64le-baseos-rpms
    size: 878620
    checksum: sha256:c34619440c83b785306420d9ae4a21ccbafe09815e5631510cccb6433f435a47
    name: tar
    evr: 2:1.30-9.el8
    sourcerpm: tar-1.30-9.el8.src.rpm
  source:
  - url: https://cdn-ubi.redhat.com/content/public/ubi/dist/ubi8/8/x86_64/appstream/source/SRPMS/Packages/j/jq-1.6-9.el8_10.src.rpm
    repoid: ubi-8-for-x86_64-appstream-source-rpms
    size: 1502487
    checksum: sha256:2dc420bdaef06107f892878c520cff069c55e4553bc3d8f0d2136ff0ed2c5d99
    name: jq
    evr: 1.6-9.el8_10
  - url: https://cdn-ubi.redhat.com/content/public/ubi/dist/ubi8/8/x86_64/appstream/source/SRPMS/Packages/o/oniguruma-6.8.2-3.el8.src.rpm
    repoid: ubi-8-for-x86_64-appstream-source-rpms
    size: 982385
    checksum: sha256:31cd372131f6eb404ce90285210fd74021914b4eb52e933b2aeebfa955099faa
    name: oniguruma
    evr: 6.8.2-3.el8
  - url: https://cdn-ubi.redhat.com/content/public/ubi/dist/ubi8/8/x86_64/baseos/source/SRPMS/Packages/f/file-5.33-26.el8.src.rpm
    repoid: ubi-8-for-x86_64-baseos-source-rpms
    size: 899551
    checksum: sha256:1bdcfa5032e3ef5ff5f9f72233b6c9c67c0c7ff994a04df131d3b64b213b99cb
    name: file
    evr: 5.33-26.el8
  - url: https://cdn-ubi.redhat.com/content/public/ubi/dist/ubi8/8/x86_64/baseos/source/SRPMS/Packages/l/libsemanage-2.9-11.el8_10.src.rpm
    repoid: ubi-8-for-x86_64-baseos-source-rpms
    size: 267435
    checksum: sha256:0e9bc0dd2ddcf5e8e8f734b32c7a3c93165060ef5b2f5910713984cea71e349f
    name: libsemanage
    evr: 2.9-11.el8_10
  - url: https://cdn-ubi.redhat.com/content/public/ubi/dist/ubi8/8/x86_64/baseos/source/SRPMS/Packages/s/shadow-utils-4.6-22.el8.src.rpm
    repoid: ubi-8-for-x86_64-baseos-source-rpms
    size: 1845120
    checksum: sha256:140a4273738ea9cfd1fc5627ebd66ad1696a5e3c959092b41bf5dc6d7657d8a6
    name: shadow-utils
    evr: 2:4.6-22.el8
  - url: https://cdn-ubi.redhat.com/content/public/ubi/dist/ubi8/8/x86_64/baseos/source/SRPMS/Packages/t/tar-1.30-9.el8.src.rpm
    repoid: ubi-8-for-x86_64-baseos-source-rpms
    size: 2169236
    checksum: sha256:53ae8ab2f98cb36c9d7e3830a7a8d6a9897707bf3d0f0c6805282f88ca6e23f7
    name: tar
    evr: 2:1.30-9.el8
  module_metadata: []
- arch: s390x
  packages:
  - url: https://cdn-ubi.redhat.com/content/public/ubi/dist/ubi8/8/s390x/appstream/os/Packages/j/jq-1.6-9.el8_10.s390x.rpm
    repoid: ubi-8-for-s390x-appstream-rpms
    size: 212528
    checksum: sha256:aad8810d11b39e8e4b035165b311a166af65a202ca31ac8732cbb8ab20952ee3
    name: jq
    evr: 1.6-9.el8_10
    sourcerpm: jq-1.6-9.el8_10.src.rpm
  - url: https://cdn-ubi.redhat.com/content/public/ubi/dist/ubi8/8/s390x/appstream/os/Packages/o/oniguruma-6.8.2-3.el8.s390x.rpm
    repoid: ubi-8-for-s390x-appstream-rpms
    size: 188988
    checksum: sha256:baca7bba0f15b43f62307570e6e9153e6cef5f8cfcad07c5177f1d7a299203d9
    name: oniguruma
    evr: 6.8.2-3.el8
    sourcerpm: oniguruma-6.8.2-3.el8.src.rpm
  - url: https://cdn-ubi.redhat.com/content/public/ubi/dist/ubi8/8/s390x/baseos/os/Packages/f/file-5.33-26.el8.s390x.rpm
    repoid: ubi-8-for-s390x-baseos-rpms
    size: 79028
    checksum: sha256:6867ff45a6e9affb79908c5412c3e44a5e604988d1fb52e9a909c49df989332f
    name: file
    evr: 5.33-26.el8
    sourcerpm: file-5.33-26.el8.src.rpm
  - url: https://cdn-ubi.redhat.com/content/public/ubi/dist/ubi8/8/s390x/baseos/os/Packages/l/libsemanage-2.9-11.el8_10.s390x.rpm
    repoid: ubi-8-for-s390x-baseos-rpms
    size: 168292
    checksum: sha256:2f5a1f493935b3d46cda7d8335e21782d2d357cbd000507c58cd6fd9fd6024d0
    name: libsemanage
    evr: 2.9-11.el8_10
    sourcerpm: libsemanage-2.9-11.el8_10.src.rpm
  - url: https://cdn-ubi.redhat.com/content/public/ubi/dist/ubi8/8/s390x/baseos/os/Packages/s/shadow-utils-4.6-22.el8.s390x.rpm
    repoid: ubi-8-for-s390x-baseos-rpms
    size: 1270628
    checksum: sha256:760c020a571c1dfa7951b72375d35f4d57aca662151d56be383c8bbd71303171
    name: shadow-utils
    evr: 2:4.6-22.el8
    sourcerpm: shadow-utils-4.6-22.el8.src.rpm
  - url: https://cdn-ubi.redhat.com/content/public/ubi/dist/ubi8/8/s390x/baseos/os/Packages/t/tar-1.30-9.el8.s390x.rpm
    repoid: ubi-8-for-s390x-baseos-rpms
    size: 853548
    checksum: sha256:1efadfc1d2113503b8b0e95939c4cb98a7e0095fb383dec2ac4bf652822a8d87
    name: tar
    evr: 2:1.30-9.el8
    sourcerpm: tar-1.30-9.el8.src.rpm
  source:
  - url: https://cdn-ubi.redhat.com/content/public/ubi/dist/ubi8/8/x86_64/appstream/source/SRPMS/Packages/j/jq-1.6-9.el8_10.src.rpm
    repoid: ubi-8-for-x86_64-appstream-source-rpms
    size: 1502487
    checksum: sha256:2dc420bdaef06107f892878c520cff069c55e4553bc3d8f0d2136ff0ed2c5d99
    name: jq
    evr: 1.6-9.el8_10
  - url: https://cdn-ubi.redhat.com/content/public/ubi/dist/ubi8/8/x86_64/appstream/source/SRPMS/Packages/o/oniguruma-6.8.2-3.el8.src.rpm
    repoid: ubi-8-for-x86_64-appstream-source-rpms
    size: 982385
    checksum: sha256:31cd372131f6eb404ce90285210fd74021914b4eb52e933b2aeebfa955099faa
    name: oniguruma
    evr: 6.8.2-3.el8
  - url: https://cdn-ubi.redhat.com/content/public/ubi/dist/ubi8/8/x86_64/baseos/source/SRPMS/Packages/f/file-5.33-26.el8.src.rpm
    repoid: ubi-8-for-x86_64-baseos-source-rpms
    size: 899551
    checksum: sha256:1bdcfa5032e3ef5ff5f9f72233b6c9c67c0c7ff994a04df131d3b64b213b99cb
    name: file
    evr: 5.33-26.el8
  - url: https://cdn-ubi.redhat.com/content/public/ubi/dist/ubi8/8/x86_64/baseos/source/SRPMS/Packages/l/libsemanage-2.9-11.el8_10.src.rpm
    repoid: ubi-8-for-x86_64-baseos-source-rpms
    size: 267435
    checksum: sha256:0e9bc0dd2ddcf5e8e8f734b32c7a3c93165060ef5b2f5910713984cea71e349f
    name: libsemanage
    evr: 2.9-11.el8_10
  - url: https://cdn-ubi.redhat.com/content/public/ubi/dist/ubi8/8/x86_64/baseos/source/SRPMS/Packages/s/shadow-utils-4.6-22.el8.src.rpm
    repoid: ubi-8-for-x86_64-baseos-source-rpms
    size: 1845120
    checksum: sha256:140a4273738ea9cfd1fc5627ebd66ad1696a5e3c959092b41bf5dc6d7657d8a6
    name: shadow-utils
    evr: 2:4.6-22.el8
  - url: https://cdn-ubi.redhat.com/content/public/ubi/dist/ubi8/8/x86_64/baseos/source/SRPMS/Packages/t/tar-1.30-9.el8.src.rpm
    repoid: ubi-8-for-x86_64-baseos-source-rpms
    size: 2169236
    checksum: sha256:53ae8ab2f98cb36c9d7e3830a7a8d6a9897707bf3d0f0c6805282f88ca6e23f7
    name: tar
    evr: 2:1.30-9.el8
  module_metadata: []
- arch: x86_64
  packages:
  - url: https://cdn-ubi.redhat.com/content/public/ubi/dist/ubi8/8/x86_64/appstream/os/Packages/j/jq-1.6-9.el8_10.x86_64.rpm
    repoid: ubi-8-for-x86_64-appstream-rpms
    size: 207896
    checksum: sha256:baaa3660d87c4f3c12776e051b7f13835fee8918389a57673519e3389eb7aa3b
    name: jq
    evr: 1.6-9.el8_10
    sourcerpm: jq-1.6-9.el8_10.src.rpm
  - url: https://cdn-ubi.redhat.com/content/public/ubi/dist/ubi8/8/x86_64/appstream/os/Packages/o/oniguruma-6.8.2-3.el8.x86_64.rpm
    repoid: ubi-8-for-x86_64-appstream-rpms
    size: 192632
    checksum: sha256:1c5c91d8a33987892ec7320c08311a31245be91800aa5879e20d137971bd053f
    name: oniguruma
    evr: 6.8.2-3.el8
    sourcerpm: oniguruma-6.8.2-3.el8.src.rpm
  - url: https://cdn-ubi.redhat.com/content/public/ubi/dist/ubi8/8/x86_64/baseos/os/Packages/f/file-5.33-26.el8.x86_64.rpm
    repoid: ubi-8-for-x86_64-baseos-rpms
    size: 79320
    checksum: sha256:620ff70a4c50745bb242153f0a13ac4cc43b61ebbd0cd817e984efd2966ce1c9
    name: file
    evr: 5.33-26.el8
    sourcerpm: file-5.33-26.el8.src.rpm
  - url: https://cdn-ubi.redhat.com/content/public/ubi/dist/ubi8/8/x86_64/baseos/os/Packages/l/libsemanage-2.9-11.el8_10.x86_64.rpm
    repoid: ubi-8-for-x86_64-baseos-rpms
    size: 172936
    checksum: sha256:2fbbded84101ff93c19bdaebf7b05c2950654b010c37ba5de13d7a0342bd634b
    name: libsemanage
    evr: 2.9-11.el8_10
    sourcerpm: libsemanage-2.9-11.el8_10.src.rpm
  - url: https://cdn-ubi.redhat.com/content/public/ubi/dist/ubi8/8/x86_64/baseos/os/Packages/s/shadow-utils-4.6-22.el8.x86_64.rpm
    repoid: ubi-8-for-x86_64-baseos-rpms
    size: 1292332
    checksum: sha256:ea73ee201451bbca0d6d14ca434c93800f01c8fb1b9daef727a5af1a27356d07
    name: shadow-utils
    evr: 2:4.6-22.el8
    sourcerpm: shadow-utils-4.6-22.el8.src.rpm
  - url: https://cdn-ubi.redhat.com/content/public/ubi/dist/ubi8/8/x86_64/baseos/os/Packages/t/tar-1.30-9.el8.x86_64.rpm
    repoid: ubi-8-for-x86_64-baseos-rpms
    size: 858812
    checksum: sha256:6b0dc7341d743c89fa038292a7e04761ebb6cc98208ebc26dee9f01e2c1a9529
    name: tar
    evr: 2:1.30-9.el8
    sourcerpm: tar-1.30-9.el8.src.rpm
  source:
  - url: https://cdn-ubi.redhat.com/content/public/ubi/dist/ubi8/8/x86_64/appstream/source/SRPMS/Packages/j/jq-1.6-9.el8_10.src.rpm
    repoid: ubi-8-for-x86_64-appstream-source-rpms
    size: 1502487
    checksum: sha256:2dc420bdaef06107f892878c520cff069c55e4553bc3d8f0d2136ff0ed2c5d99
    name: jq
    evr: 1.6-9.el8_10
  - url: https://cdn-ubi.redhat.com/content/public/ubi/dist/ubi8/8/x86_64/appstream/source/SRPMS/Packages/o/oniguruma-6.8.2-3.el8.src.rpm
    repoid: ubi-8-for-x86_64-appstream-source-rpms
    size: 982385
    checksum: sha256:31cd372131f6eb404ce90285210fd74021914b4eb52e933b2aeebfa955099faa
    name: oniguruma
    evr: 6.8.2-3.el8
  - url: https://cdn-ubi.redhat.com/content/public/ubi/dist/ubi8/8/x86_64/baseos/source/SRPMS/Packages/f/file-5.33-26.el8.src.rpm
    repoid: ubi-8-for-x86_64-baseos-source-rpms
    size: 899551
    checksum: sha256:1bdcfa5032e3ef5ff5f9f72233b6c9c67c0c7ff994a04df131d3b64b213b99cb
    name: file
    evr: 5.33-26.el8
  - url: https://cdn-ubi.redhat.com/content/public/ubi/dist/ubi8/8/x86_64/baseos/source/SRPMS/Packages/l/libsemanage-2.9-11.el8_10.src.rpm
    repoid: ubi-8-for-x86_64-baseos-source-rpms
    size: 267435
    checksum: sha256:0e9bc0dd2ddcf5e8e8f734b32c7a3c93165060ef5b2f5910713984cea71e349f
    name: libsemanage
    evr: 2.9-11.el8_10
  - url: https://cdn-ubi.redhat.com/content/public/ubi/dist/ubi8/8/x86_64/baseos/source/SRPMS/Packages/s/shadow-utils-4.6-22.el8.src.rpm
    repoid: ubi-8-for-x86_64-baseos-source-rpms
    size: 1845120
    checksum: sha256:140a4273738ea9cfd1fc5627ebd66ad1696a5e3c959092b41bf5dc6d7657d8a6
    name: shadow-utils
    evr: 2:4.6-22.el8
  - url: https://cdn-ubi.redhat.com/content/public/ubi/dist/ubi8/8/x86_64/baseos/source/SRPMS/Packages/t/tar-1.30-9.el8.src.rpm
    repoid: ubi-8-for-x86_64-baseos-source-rpms
    size: 2169236
    checksum: sha256:53ae8ab2f98cb36c9d7e3830a7a8d6a9897707bf3d0f0c6805282f88ca6e23f7
    name: tar
    evr: 2:1.30-9.el8
  module_metadata: []
