{
  "name": "pnpm-install",
  "version": "11.9.0",
  "lockfileVersion": 3,
  "requires": true,
  "packages": {
    "": {
      "name": "pnpm-install",
      "version": "11.9.0",
      "dependencies": {
        "pnpm": "11.28.3"
      }
    },
    "node_modules/pnpm": {
      "version": "11.28.3",
      "resolved": "https://registry.npmjs.org/pnpm/-/pnpm-11.28.3.tgz",
      "integrity": "sha512-1JdgoTsXVZSHdaXUyxvEuocf8tyUGt+FFjDQRO1yL5tb6L5XvvkxZgmMgMcGvWEsKC0FUm3R0K5mAYjAhoIPNQ==",
      "license": "MIT",
      "bin": {
        "pn": "bin/pnpm.mjs",
        "pnpm": "bin/pnpm.mjs",
        "pnpx": "bin/pnpx.mjs",
        "pnx": "bin/pnpx.mjs"
      },
      "engines": {
        "node": ">=22.13"
      },
      "funding": {
        "url": "https://opencollective.com/pnpm"
      }
    }
  }
}
